{
  "name": "repro",
  "lockfileVersion": 3,
  "requires": true,
  "packages": {
    "": {
      "devDependencies": {
        "@eslint/css": "^0.7.0",
        "typescript": "^5.8.3"
      }
    },
    "node_modules/@eslint/core": {
      "version": "0.13.0",
      "resolved": "https://registry.npmjs.org/@eslint/core/-/core-0.13.0.tgz",
      "integrity": "sha512-yfkgDw1KR66rkT5A8ci4irzDysN7FRpq3ttJolR88OqQikAWqwA8j5VZyas+vjyBNFIJ7MfybJ9plMILI2UrCw==",
      "dev": true,
      "dependencies": {
        "@types/json-schema": "^7.0.15"
      },
      "engines": {
        "node": "^18.18.0 || ^20.9.0 || >=21.1.0"
      }
    },
    "node_modules/@eslint/css": {
      "version": "0.7.0",
      "resolved": "https://registry.npmjs.org/@eslint/css/-/css-0.7.0.tgz",
      "integrity": "sha512-d6mo8etv4igrTGxgvWSgA5+TsppfObM/Xhlu8JWbkqNBiaJXztUNH45R1B4i1GL2PNIFMLREI3Kh9lTBi19l7g==",
      "dev": true,
      "dependencies": {
        "@eslint/core": "^0.13.0",
        "@eslint/css-tree": "^3.3.3",
        "@eslint/plugin-kit": "^0.2.5"
      },
      "engines": {
        "node": "^18.18.0 || ^20.9.0 || >=21.1.0"
      }
    },
    "node_modules/@eslint/css-tree": {
      "version": "3.4.0",
      "resolved": "https://registry.npmjs.org/@eslint/css-tree/-/css-tree-3.4.0.tgz",
      "integrity": "sha512-QehZa9/EJbgLKBcJKjJyme3Txnahx67pD9NWEl/bNORbZi+XxQk4T/6t3j1ZiL21iuQ2VOruQWKiQhFk+XdXHg==",
      "dev": true,
      "dependencies": {
        "mdn-data": "2.20.0",
        "source-map-js": "^1.0.1"
      },
      "engines": {
        "node": "^10 || ^12.20.0 || ^14.13.0 || >=15.0.0"
      }
    },
    "node_modules/@eslint/plugin-kit": {
      "version": "0.2.8",
      "resolved": "https://registry.npmjs.org/@eslint/plugin-kit/-/plugin-kit-0.2.8.tgz",
      "integrity": "sha512-ZAoA40rNMPwSm+AeHpCq8STiNAwzWLJuP8Xv4CHIc9wv/PSuExjMrmjfYNj682vW0OOiZ1HKxzvjQr9XZIisQA==",
      "dev": true,
      "dependencies": {
        "@eslint/core": "^0.13.0",
        "levn": "^0.4.1"
      },
      "engines": {
        "node": "^18.18.0 || ^20.9.0 || >=21.1.0"
      }
    },
    "node_modules/@types/json-schema": {
      "version": "7.0.15",
      "resolved": "https://registry.npmjs.org/@types/json-schema/-/json-schema-7.0.15.tgz",
      "integrity": "sha512-5+fP8P8MFNC+AyZCDxrB2pkZFPGzqQWUzpSeuuVLvm8VMcorNYavBqoFcxK8bQz4Qsbn4oUEEem4wDLfcysGHA==",
      "dev": true
    },
    "node_modules/levn": {
      "version": "0.4.1",
      "resolved": "https://registry.npmjs.org/levn/-/levn-0.4.1.tgz",
      "integrity": "sha512-+bT2uH4E5LGE7h/n3evcS/sQlJXCpIp6ym8OWJ5eV6+67Dsql/LaaT7qJBAt2rzfoa/5QBGBhxDix1dMt2kQKQ==",
      "dev": true,
      "dependencies": {
        "prelude-ls": "^1.2.1",
        "type-check": "~0.4.0"
      },
      "engines": {
        "node": ">= 0.8.0"
      }
    },
    "node_modules/mdn-data": {
      "version": "2.20.0",
      "resolved": "https://registry.npmjs.org/mdn-data/-/mdn-data-2.20.0.tgz",
      "integrity": "sha512-/d3otgvmquUkAN2RVxSg6lIbQrYX7isR4aC5Hvw8JuHvzctR3eUG50WmsAZjb9MkbJ5LbijPSy7uIxEtQDGI0w==",
      "dev": true
    },
    "node_modules/prelude-ls": {
      "version": "1.2.1",
      "resolved": "https://registry.npmjs.org/prelude-ls/-/prelude-ls-1.2.1.tgz",
      "integrity": "sha512-vkcDPrRZo1QZLbn5RLGPpg/WmIQ65qoWWhcGKf/b5eplkkarX0m9z8ppCat4mlOqUsWpyNuYgO3VRyrYHSzX5g==",
      "dev": true,
      "engines": {
        "node": ">= 0.8.0"
      }
    },
    "node_modules/source-map-js": {
      "version": "1.2.1",
      "resolved": "https://registry.npmjs.org/source-map-js/-/source-map-js-1.2.1.tgz",
      "integrity": "sha512-UXWMKhLOwVKb728IUtQPXxfYU+usdybtUrK/8uGE8CQMvrhOpwvzDBwj0QhSL7MQc7vIsISBG8VQ8+IDQxpfQA==",
      "dev": true,
      "engines": {
        "node": ">=0.10.0"
      }
    },
    "node_modules/type-check": {
      "version": "0.4.0",
      "resolved": "https://registry.npmjs.org/type-check/-/type-check-0.4.0.tgz",
      "integrity": "sha512-XleUoc9uwGXqjWwXaUTZAmzMcFZ5858QA2vvx1Ur5xIcixXIP+8LnFDgRplU30us6teqdlskFfu+ae4K79Ooew==",
      "dev": true,
      "dependencies": {
        "prelude-ls": "^1.2.1"
      },
      "engines": {
        "node": ">= 0.8.0"
      }
    },
    "node_modules/typescript": {
      "version": "5.8.3",
      "resolved": "https://registry.npmjs.org/typescript/-/typescript-5.8.3.tgz",
      "integrity": "sha512-p1diW6TqL9L07nNxvRMM7hMMw4c5XOo/1ibL4aAIGmSAt9slTE1Xgw5KWuof2uTOvCg9BY7ZRi+GaF+7sfgPeQ==",
      "dev": true,
      "bin": {
        "tsc": "bin/tsc",
        "tsserver": "bin/tsserver"
      },
      "engines": {
        "node": ">=14.17"
      }
    }
  }
}
